
Microsoft Visual Studio Solution File, Format Version 12.00
# Visual Studio 15
VisualStudioVersion = 15.0.28307.421
MinimumVisualStudioVersion = 10.0.40219.1
Project("{FAE04EC0-301F-11D3-BF4B-00C04F79EFBC}") = "MobileBackend", "MobileBackend\MobileBackend.csproj", "{CCEA3D2B-45C4-4299-9CB6-8E17D577B880}"
EndProject
Global
	GlobalSection(SolutionConfigurationPlatforms) = preSolution
		Debug|Any CPU = Debug|Any CPU
		Release|Any CPU = Release|Any CPU
	EndGlobalSection
	GlobalSection(ProjectConfigurationPlatforms) = postSolution
		{CCEA3D2B-45C4-4299-9CB6-8E17D577B880}.Debug|Any CPU.ActiveCfg = Debug|Any CPU
		{CCEA3D2B-45C4-4299-9CB6-8E17D577B880}.Debug|Any CPU.Build.0 = Debug|Any CPU
		{CCEA3D2B-45C4-4299-9CB6-8E17D577B880}.Release|Any CPU.ActiveCfg = Release|Any CPU
		{CCEA3D2B-45C4-4299-9CB6-8E17D577B880}.Release|Any CPU.Build.0 = Release|Any CPU
	EndGlobalSection
	GlobalSection(SolutionProperties) = preSolution
		HideSolutionNode = FALSE
	EndGlobalSection
	GlobalSection(ExtensibilityGlobals) = postSolution
		SolutionGuid = {AA270C92-0E8C-4A0A-984E-20D61DFF4B2E}
	EndGlobalSection
EndGlobal
